
Microsoft Visual Studio Solution File, Format Version 12.00
# Visual Studio Version 17
VisualStudioVersion = 17.8.34316.72
MinimumVisualStudioVersion = 10.0.40219.1
Project("{FAE04EC0-301F-11D3-BF4B-00C04F79EFBC}") = "Reverse Strings", "Reverse Strings\Reverse Strings.csproj", "{8006B98C-E828-4A89-BA54-4B78A4370E92}"
EndProject
Project("{FAE04EC0-301F-11D3-BF4B-00C04F79EFBC}") = "Repeat Strings", "Repeat Strings\Repeat Strings.csproj", "{ED4698A6-41F5-4998-A4BC-77971383A89B}"
EndProject
Project("{FAE04EC0-301F-11D3-BF4B-00C04F79EFBC}") = "Substring", "Substring\Substring.csproj", "{DF3ECFE6-0A0B-4655-956A-E419A7BEB913}"
EndProject
Project("{FAE04EC0-301F-11D3-BF4B-00C04F79EFBC}") = "Text Filter", "Text Filter\Text Filter.csproj", "{3CAB32BA-02F9-438C-A238-0CFE067FFB0A}"
EndProject
Project("{FAE04EC0-301F-11D3-BF4B-00C04F79EFBC}") = "Digits, Letters and Other", "Digits, Letters and Other\Digits, Letters and Other.csproj", "{968D2C88-3D4B-40FA-AAE5-2D14F2732DA7}"
EndProject
Global
	GlobalSection(SolutionConfigurationPlatforms) = preSolution
		Debug|Any CPU = Debug|Any CPU
		Release|Any CPU = Release|Any CPU
	EndGlobalSection
	GlobalSection(ProjectConfigurationPlatforms) = postSolution
		{8006B98C-E828-4A89-BA54-4B78A4370E92}.Debug|Any CPU.ActiveCfg = Debug|Any CPU
		{8006B98C-E828-4A89-BA54-4B78A4370E92}.Debug|Any CPU.Build.0 = Debug|Any CPU
		{8006B98C-E828-4A89-BA54-4B78A4370E92}.Release|Any CPU.ActiveCfg = Release|Any CPU
		{8006B98C-E828-4A89-BA54-4B78A4370E92}.Release|Any CPU.Build.0 = Release|Any CPU
		{ED4698A6-41F5-4998-A4BC-77971383A89B}.Debug|Any CPU.ActiveCfg = Debug|Any CPU
		{ED4698A6-41F5-4998-A4BC-77971383A89B}.Debug|Any CPU.Build.0 = Debug|Any CPU
		{ED4698A6-41F5-4998-A4BC-77971383A89B}.Release|Any CPU.ActiveCfg = Release|Any CPU
		{ED4698A6-41F5-4998-A4BC-77971383A89B}.Release|Any CPU.Build.0 = Release|Any CPU
		{DF3ECFE6-0A0B-4655-956A-E419A7BEB913}.Debug|Any CPU.ActiveCfg = Debug|Any CPU
		{DF3ECFE6-0A0B-4655-956A-E419A7BEB913}.Debug|Any CPU.Build.0 = Debug|Any CPU
		{DF3ECFE6-0A0B-4655-956A-E419A7BEB913}.Release|Any CPU.ActiveCfg = Release|Any CPU
		{DF3ECFE6-0A0B-4655-956A-E419A7BEB913}.Release|Any CPU.Build.0 = Release|Any CPU
		{3CAB32BA-02F9-438C-A238-0CFE067FFB0A}.Debug|Any CPU.ActiveCfg = Debug|Any CPU
		{3CAB32BA-02F9-438C-A238-0CFE067FFB0A}.Debug|Any CPU.Build.0 = Debug|Any CPU
		{3CAB32BA-02F9-438C-A238-0CFE067FFB0A}.Release|Any CPU.ActiveCfg = Release|Any CPU
		{3CAB32BA-02F9-438C-A238-0CFE067FFB0A}.Release|Any CPU.Build.0 = Release|Any CPU
		{968D2C88-3D4B-40FA-AAE5-2D14F2732DA7}.Debug|Any CPU.ActiveCfg = Debug|Any CPU
		{968D2C88-3D4B-40FA-AAE5-2D14F2732DA7}.Debug|Any CPU.Build.0 = Debug|Any CPU
		{968D2C88-3D4B-40FA-AAE5-2D14F2732DA7}.Release|Any CPU.ActiveCfg = Release|Any CPU
		{968D2C88-3D4B-40FA-AAE5-2D14F2732DA7}.Release|Any CPU.Build.0 = Release|Any CPU
	EndGlobalSection
	GlobalSection(SolutionProperties) = preSolution
		HideSolutionNode = FALSE
	EndGlobalSection
	GlobalSection(ExtensibilityGlobals) = postSolution
		SolutionGuid = {978BAB7A-F0F3-4556-A379-B62968AAF1B6}
	EndGlobalSection
EndGlobal
