
Microsoft Visual Studio Solution File, Format Version 12.00
# Visual Studio Version 17
VisualStudioVersion = 17.6.33815.320
MinimumVisualStudioVersion = 10.0.40219.1
Project("{FAE04EC0-301F-11D3-BF4B-00C04F79EFBC}") = "Ages", "Ages\Ages.csproj", "{6E6A6372-E403-4D35-AD2E-192DCAA93A07}"
EndProject
Project("{FAE04EC0-301F-11D3-BF4B-00C04F79EFBC}") = "Division", "Division\Division.csproj", "{B825DBA0-4B56-4393-91F9-A4129DEFFA7C}"
EndProject
Project("{FAE04EC0-301F-11D3-BF4B-00C04F79EFBC}") = "Vacation", "Vacation\Vacation.csproj", "{33BD6EF1-B11B-479F-B026-A9C03EB1F020}"
EndProject
Project("{FAE04EC0-301F-11D3-BF4B-00C04F79EFBC}") = "Print and sum", "Print and sum\Print and sum.csproj", "{B5A32751-9F38-45CB-B118-1A09A0E763CB}"
EndProject
Project("{FAE04EC0-301F-11D3-BF4B-00C04F79EFBC}") = "Login", "Login\Login.csproj", "{97A31EFE-3AB4-4DCC-BA95-51C43BD49368}"
EndProject
Project("{FAE04EC0-301F-11D3-BF4B-00C04F79EFBC}") = "Strong number", "Strong number\Strong number.csproj", "{7CF0CEE7-8112-48E5-98A7-9BB8B8FF6433}"
EndProject
Project("{FAE04EC0-301F-11D3-BF4B-00C04F79EFBC}") = "Vending Machine", "Vending Machine\Vending Machine.csproj", "{DF805F81-6F4B-4B9C-A98C-EA5219FEE71F}"
EndProject
Project("{FAE04EC0-301F-11D3-BF4B-00C04F79EFBC}") = "Triangle of Numbers", "Triangle of Numbers\Triangle of Numbers.csproj", "{C0E636BD-34DE-4A5E-8E2C-D0671C886418}"
EndProject
Project("{FAE04EC0-301F-11D3-BF4B-00C04F79EFBC}") = "Padawan Equipment", "Padawan Equipment\Padawan Equipment.csproj", "{E6DFC57E-0C5E-41B1-9E34-BA9B0E1825EF}"
EndProject
Project("{FAE04EC0-301F-11D3-BF4B-00C04F79EFBC}") = "Rage Expenses", "Rage Expenses\Rage Expenses.csproj", "{33669613-F5EB-43D5-93B7-EBEF750633E5}"
EndProject
Project("{FAE04EC0-301F-11D3-BF4B-00C04F79EFBC}") = "Orders", "Orders\Orders.csproj", "{8D127688-4245-437F-B516-A8DCDA3EE000}"
EndProject
Project("{FAE04EC0-301F-11D3-BF4B-00C04F79EFBC}") = "Sort Numbers", "Sort Numbers\Sort Numbers.csproj", "{AA40C915-25BF-4682-AEEC-D458B31FA900}"
EndProject
Project("{FAE04EC0-301F-11D3-BF4B-00C04F79EFBC}") = "English Name of the Last Digit", "English Name of the Last Digit\English Name of the Last Digit.csproj", "{1363A2D9-38F5-4D1F-B5A6-EC856E75B75E}"
EndProject
Project("{FAE04EC0-301F-11D3-BF4B-00C04F79EFBC}") = "Gaming Store", "Gaming Store\Gaming Store.csproj", "{81C29CB1-8CB6-4CCA-9297-37E647B5F56C}"
EndProject
Project("{FAE04EC0-301F-11D3-BF4B-00C04F79EFBC}") = "Reverse String", "Reverse String\Reverse String.csproj", "{B21D9A60-9FA9-462F-8E57-B840A5D59D8A}"
EndProject
Project("{FAE04EC0-301F-11D3-BF4B-00C04F79EFBC}") = "Messages", "Messages\Messages.csproj", "{ADCFF70E-7B52-487E-9CF0-168E1411096F}"
EndProject
Global
	GlobalSection(SolutionConfigurationPlatforms) = preSolution
		Debug|Any CPU = Debug|Any CPU
		Release|Any CPU = Release|Any CPU
	EndGlobalSection
	GlobalSection(ProjectConfigurationPlatforms) = postSolution
		{6E6A6372-E403-4D35-AD2E-192DCAA93A07}.Debug|Any CPU.ActiveCfg = Debug|Any CPU
		{6E6A6372-E403-4D35-AD2E-192DCAA93A07}.Debug|Any CPU.Build.0 = Debug|Any CPU
		{6E6A6372-E403-4D35-AD2E-192DCAA93A07}.Release|Any CPU.ActiveCfg = Release|Any CPU
		{6E6A6372-E403-4D35-AD2E-192DCAA93A07}.Release|Any CPU.Build.0 = Release|Any CPU
		{B825DBA0-4B56-4393-91F9-A4129DEFFA7C}.Debug|Any CPU.ActiveCfg = Debug|Any CPU
		{B825DBA0-4B56-4393-91F9-A4129DEFFA7C}.Debug|Any CPU.Build.0 = Debug|Any CPU
		{B825DBA0-4B56-4393-91F9-A4129DEFFA7C}.Release|Any CPU.ActiveCfg = Release|Any CPU
		{B825DBA0-4B56-4393-91F9-A4129DEFFA7C}.Release|Any CPU.Build.0 = Release|Any CPU
		{33BD6EF1-B11B-479F-B026-A9C03EB1F020}.Debug|Any CPU.ActiveCfg = Debug|Any CPU
		{33BD6EF1-B11B-479F-B026-A9C03EB1F020}.Debug|Any CPU.Build.0 = Debug|Any CPU
		{33BD6EF1-B11B-479F-B026-A9C03EB1F020}.Release|Any CPU.ActiveCfg = Release|Any CPU
		{33BD6EF1-B11B-479F-B026-A9C03EB1F020}.Release|Any CPU.Build.0 = Release|Any CPU
		{B5A32751-9F38-45CB-B118-1A09A0E763CB}.Debug|Any CPU.ActiveCfg = Debug|Any CPU
		{B5A32751-9F38-45CB-B118-1A09A0E763CB}.Debug|Any CPU.Build.0 = Debug|Any CPU
		{B5A32751-9F38-45CB-B118-1A09A0E763CB}.Release|Any CPU.ActiveCfg = Release|Any CPU
		{B5A32751-9F38-45CB-B118-1A09A0E763CB}.Release|Any CPU.Build.0 = Release|Any CPU
		{97A31EFE-3AB4-4DCC-BA95-51C43BD49368}.Debug|Any CPU.ActiveCfg = Debug|Any CPU
		{97A31EFE-3AB4-4DCC-BA95-51C43BD49368}.Debug|Any CPU.Build.0 = Debug|Any CPU
		{97A31EFE-3AB4-4DCC-BA95-51C43BD49368}.Release|Any CPU.ActiveCfg = Release|Any CPU
		{97A31EFE-3AB4-4DCC-BA95-51C43BD49368}.Release|Any CPU.Build.0 = Release|Any CPU
		{7CF0CEE7-8112-48E5-98A7-9BB8B8FF6433}.Debug|Any CPU.ActiveCfg = Debug|Any CPU
		{7CF0CEE7-8112-48E5-98A7-9BB8B8FF6433}.Debug|Any CPU.Build.0 = Debug|Any CPU
		{7CF0CEE7-8112-48E5-98A7-9BB8B8FF6433}.Release|Any CPU.ActiveCfg = Release|Any CPU
		{7CF0CEE7-8112-48E5-98A7-9BB8B8FF6433}.Release|Any CPU.Build.0 = Release|Any CPU
		{DF805F81-6F4B-4B9C-A98C-EA5219FEE71F}.Debug|Any CPU.ActiveCfg = Debug|Any CPU
		{DF805F81-6F4B-4B9C-A98C-EA5219FEE71F}.Debug|Any CPU.Build.0 = Debug|Any CPU
		{DF805F81-6F4B-4B9C-A98C-EA5219FEE71F}.Release|Any CPU.ActiveCfg = Release|Any CPU
		{DF805F81-6F4B-4B9C-A98C-EA5219FEE71F}.Release|Any CPU.Build.0 = Release|Any CPU
		{C0E636BD-34DE-4A5E-8E2C-D0671C886418}.Debug|Any CPU.ActiveCfg = Debug|Any CPU
		{C0E636BD-34DE-4A5E-8E2C-D0671C886418}.Debug|Any CPU.Build.0 = Debug|Any CPU
		{C0E636BD-34DE-4A5E-8E2C-D0671C886418}.Release|Any CPU.ActiveCfg = Release|Any CPU
		{C0E636BD-34DE-4A5E-8E2C-D0671C886418}.Release|Any CPU.Build.0 = Release|Any CPU
		{E6DFC57E-0C5E-41B1-9E34-BA9B0E1825EF}.Debug|Any CPU.ActiveCfg = Debug|Any CPU
		{E6DFC57E-0C5E-41B1-9E34-BA9B0E1825EF}.Debug|Any CPU.Build.0 = Debug|Any CPU
		{E6DFC57E-0C5E-41B1-9E34-BA9B0E1825EF}.Release|Any CPU.ActiveCfg = Release|Any CPU
		{E6DFC57E-0C5E-41B1-9E34-BA9B0E1825EF}.Release|Any CPU.Build.0 = Release|Any CPU
		{33669613-F5EB-43D5-93B7-EBEF750633E5}.Debug|Any CPU.ActiveCfg = Debug|Any CPU
		{33669613-F5EB-43D5-93B7-EBEF750633E5}.Debug|Any CPU.Build.0 = Debug|Any CPU
		{33669613-F5EB-43D5-93B7-EBEF750633E5}.Release|Any CPU.ActiveCfg = Release|Any CPU
		{33669613-F5EB-43D5-93B7-EBEF750633E5}.Release|Any CPU.Build.0 = Release|Any CPU
		{8D127688-4245-437F-B516-A8DCDA3EE000}.Debug|Any CPU.ActiveCfg = Debug|Any CPU
		{8D127688-4245-437F-B516-A8DCDA3EE000}.Debug|Any CPU.Build.0 = Debug|Any CPU
		{8D127688-4245-437F-B516-A8DCDA3EE000}.Release|Any CPU.ActiveCfg = Release|Any CPU
		{8D127688-4245-437F-B516-A8DCDA3EE000}.Release|Any CPU.Build.0 = Release|Any CPU
		{AA40C915-25BF-4682-AEEC-D458B31FA900}.Debug|Any CPU.ActiveCfg = Debug|Any CPU
		{AA40C915-25BF-4682-AEEC-D458B31FA900}.Debug|Any CPU.Build.0 = Debug|Any CPU
		{AA40C915-25BF-4682-AEEC-D458B31FA900}.Release|Any CPU.ActiveCfg = Release|Any CPU
		{AA40C915-25BF-4682-AEEC-D458B31FA900}.Release|Any CPU.Build.0 = Release|Any CPU
		{1363A2D9-38F5-4D1F-B5A6-EC856E75B75E}.Debug|Any CPU.ActiveCfg = Debug|Any CPU
		{1363A2D9-38F5-4D1F-B5A6-EC856E75B75E}.Debug|Any CPU.Build.0 = Debug|Any CPU
		{1363A2D9-38F5-4D1F-B5A6-EC856E75B75E}.Release|Any CPU.ActiveCfg = Release|Any CPU
		{1363A2D9-38F5-4D1F-B5A6-EC856E75B75E}.Release|Any CPU.Build.0 = Release|Any CPU
		{81C29CB1-8CB6-4CCA-9297-37E647B5F56C}.Debug|Any CPU.ActiveCfg = Debug|Any CPU
		{81C29CB1-8CB6-4CCA-9297-37E647B5F56C}.Debug|Any CPU.Build.0 = Debug|Any CPU
		{81C29CB1-8CB6-4CCA-9297-37E647B5F56C}.Release|Any CPU.ActiveCfg = Release|Any CPU
		{81C29CB1-8CB6-4CCA-9297-37E647B5F56C}.Release|Any CPU.Build.0 = Release|Any CPU
		{B21D9A60-9FA9-462F-8E57-B840A5D59D8A}.Debug|Any CPU.ActiveCfg = Debug|Any CPU
		{B21D9A60-9FA9-462F-8E57-B840A5D59D8A}.Debug|Any CPU.Build.0 = Debug|Any CPU
		{B21D9A60-9FA9-462F-8E57-B840A5D59D8A}.Release|Any CPU.ActiveCfg = Release|Any CPU
		{B21D9A60-9FA9-462F-8E57-B840A5D59D8A}.Release|Any CPU.Build.0 = Release|Any CPU
		{ADCFF70E-7B52-487E-9CF0-168E1411096F}.Debug|Any CPU.ActiveCfg = Debug|Any CPU
		{ADCFF70E-7B52-487E-9CF0-168E1411096F}.Debug|Any CPU.Build.0 = Debug|Any CPU
		{ADCFF70E-7B52-487E-9CF0-168E1411096F}.Release|Any CPU.ActiveCfg = Release|Any CPU
		{ADCFF70E-7B52-487E-9CF0-168E1411096F}.Release|Any CPU.Build.0 = Release|Any CPU
	EndGlobalSection
	GlobalSection(SolutionProperties) = preSolution
		HideSolutionNode = FALSE
	EndGlobalSection
	GlobalSection(ExtensibilityGlobals) = postSolution
		SolutionGuid = {88CF6F40-EA2A-4709-AFEF-6893747E23C1}
	EndGlobalSection
EndGlobal
