
Microsoft Visual Studio Solution File, Format Version 12.00
# Visual Studio Version 17
VisualStudioVersion = 17.8.34316.72
MinimumVisualStudioVersion = 10.0.40219.1
Project("{FAE04EC0-301F-11D3-BF4B-00C04F79EFBC}") = "Match Full Name", "Match Full Name\Match Full Name.csproj", "{73A730C3-CC7B-439D-B582-2C88B2804E4A}"
EndProject
Project("{FAE04EC0-301F-11D3-BF4B-00C04F79EFBC}") = "Match Phone Number", "Match Phone Number\Match Phone Number.csproj", "{8A3DE9D3-C630-4E15-A845-060FC662490C}"
EndProject
Project("{FAE04EC0-301F-11D3-BF4B-00C04F79EFBC}") = "Match Dates", "Match Dates\Match Dates.csproj", "{9DD24DC0-A2DE-42D9-AC17-1E2C5877CF72}"
EndProject
Global
	GlobalSection(SolutionConfigurationPlatforms) = preSolution
		Debug|Any CPU = Debug|Any CPU
		Release|Any CPU = Release|Any CPU
	EndGlobalSection
	GlobalSection(ProjectConfigurationPlatforms) = postSolution
		{73A730C3-CC7B-439D-B582-2C88B2804E4A}.Debug|Any CPU.ActiveCfg = Debug|Any CPU
		{73A730C3-CC7B-439D-B582-2C88B2804E4A}.Debug|Any CPU.Build.0 = Debug|Any CPU
		{73A730C3-CC7B-439D-B582-2C88B2804E4A}.Release|Any CPU.ActiveCfg = Release|Any CPU
		{73A730C3-CC7B-439D-B582-2C88B2804E4A}.Release|Any CPU.Build.0 = Release|Any CPU
		{8A3DE9D3-C630-4E15-A845-060FC662490C}.Debug|Any CPU.ActiveCfg = Debug|Any CPU
		{8A3DE9D3-C630-4E15-A845-060FC662490C}.Debug|Any CPU.Build.0 = Debug|Any CPU
		{8A3DE9D3-C630-4E15-A845-060FC662490C}.Release|Any CPU.ActiveCfg = Release|Any CPU
		{8A3DE9D3-C630-4E15-A845-060FC662490C}.Release|Any CPU.Build.0 = Release|Any CPU
		{9DD24DC0-A2DE-42D9-AC17-1E2C5877CF72}.Debug|Any CPU.ActiveCfg = Debug|Any CPU
		{9DD24DC0-A2DE-42D9-AC17-1E2C5877CF72}.Debug|Any CPU.Build.0 = Debug|Any CPU
		{9DD24DC0-A2DE-42D9-AC17-1E2C5877CF72}.Release|Any CPU.ActiveCfg = Release|Any CPU
		{9DD24DC0-A2DE-42D9-AC17-1E2C5877CF72}.Release|Any CPU.Build.0 = Release|Any CPU
	EndGlobalSection
	GlobalSection(SolutionProperties) = preSolution
		HideSolutionNode = FALSE
	EndGlobalSection
	GlobalSection(ExtensibilityGlobals) = postSolution
		SolutionGuid = {64005130-D75B-4FDC-B930-7E95D8C27F26}
	EndGlobalSection
EndGlobal
