
Microsoft Visual Studio Solution File, Format Version 12.00
# Visual Studio Version 17
VisualStudioVersion = 17.7.34024.191
MinimumVisualStudioVersion = 10.0.40219.1
Project("{9A19103F-16F7-4668-BE54-9A1E7A4F7556}") = "Smallest of Three Numbers", "Smallest of Three Numbers\Smallest of Three Numbers.csproj", "{96666602-4106-4C4F-8147-C65FD43EB6B3}"
EndProject
Project("{9A19103F-16F7-4668-BE54-9A1E7A4F7556}") = "Vowels Count", "Vowels Count\Vowels Count.csproj", "{5560B43B-0DC4-46A4-848C-3A16B3C432E0}"
EndProject
Project("{9A19103F-16F7-4668-BE54-9A1E7A4F7556}") = "Characters in Range", "Characters in Range\Characters in Range.csproj", "{28CAE8B3-0141-4648-85F0-3207947E0411}"
EndProject
Project("{9A19103F-16F7-4668-BE54-9A1E7A4F7556}") = "Password Validator", "Password Validator\Password Validator.csproj", "{C1105915-2AD5-40D5-B700-3E6BAF6963FF}"
EndProject
Project("{9A19103F-16F7-4668-BE54-9A1E7A4F7556}") = "Add and Subtract", "Add and Subtract\Add and Subtract.csproj", "{23EF1B37-DBC6-4BF4-911F-6CD59340E766}"
EndProject
Project("{9A19103F-16F7-4668-BE54-9A1E7A4F7556}") = "Middle Characters", "Middle Characters\Middle Characters.csproj", "{6FCF57E9-3997-4D2B-8EA8-5697775AD2C0}"
EndProject
Project("{9A19103F-16F7-4668-BE54-9A1E7A4F7556}") = "NxN Matrix", "NxN Matrix\NxN Matrix.csproj", "{6BA99CF2-4029-471A-BEB1-C48D1886F172}"
EndProject
Project("{9A19103F-16F7-4668-BE54-9A1E7A4F7556}") = "Factorial Division", "Factorial Division\Factorial Division.csproj", "{A7584E60-1A69-4303-9D65-F7012B1E9B30}"
EndProject
Project("{9A19103F-16F7-4668-BE54-9A1E7A4F7556}") = "Palindrome Integers", "Palindrome Integers\Palindrome Integers.csproj", "{F3376E5A-6415-481A-91B4-0A30DF9B5EAC}"
EndProject
Project("{9A19103F-16F7-4668-BE54-9A1E7A4F7556}") = "Top Number", "Top Number\Top Number.csproj", "{24DF1775-FEBF-4115-9622-BC53C5FB168C}"
EndProject
Project("{9A19103F-16F7-4668-BE54-9A1E7A4F7556}") = "Array Manipulator", "Array Manipulator\Array Manipulator.csproj", "{53B64BE1-A8C9-4FAB-9473-607381C79579}"
EndProject
Project("{FAE04EC0-301F-11D3-BF4B-00C04F79EFBC}") = "Data Types", "Data Types\Data Types.csproj", "{FAEB0FA2-7101-4EC4-BA38-532AB156D014}"
EndProject
Project("{FAE04EC0-301F-11D3-BF4B-00C04F79EFBC}") = "Center Point", "Center Point\Center Point.csproj", "{9940DAFD-2264-497F-9D89-D7A3FE811504}"
EndProject
Project("{FAE04EC0-301F-11D3-BF4B-00C04F79EFBC}") = "Longer Line", "Longer Line\Longer Line.csproj", "{9D123DFC-FF55-439B-9E05-A0E723CBAF23}"
EndProject
Project("{FAE04EC0-301F-11D3-BF4B-00C04F79EFBC}") = "Tribonacci Sequence", "Tribonacci Sequence\Tribonacci Sequence.csproj", "{F107BE4C-44AC-479C-9FDD-7618E08719B4}"
EndProject
Project("{FAE04EC0-301F-11D3-BF4B-00C04F79EFBC}") = "Multiplication Sign", "Multiplication Sign\Multiplication Sign.csproj", "{65DA3649-714D-4027-A657-54E0F1D164C7}"
EndProject
Global
	GlobalSection(SolutionConfigurationPlatforms) = preSolution
		Debug|Any CPU = Debug|Any CPU
		Release|Any CPU = Release|Any CPU
	EndGlobalSection
	GlobalSection(ProjectConfigurationPlatforms) = postSolution
		{96666602-4106-4C4F-8147-C65FD43EB6B3}.Debug|Any CPU.ActiveCfg = Debug|Any CPU
		{96666602-4106-4C4F-8147-C65FD43EB6B3}.Debug|Any CPU.Build.0 = Debug|Any CPU
		{96666602-4106-4C4F-8147-C65FD43EB6B3}.Release|Any CPU.ActiveCfg = Release|Any CPU
		{96666602-4106-4C4F-8147-C65FD43EB6B3}.Release|Any CPU.Build.0 = Release|Any CPU
		{5560B43B-0DC4-46A4-848C-3A16B3C432E0}.Debug|Any CPU.ActiveCfg = Debug|Any CPU
		{5560B43B-0DC4-46A4-848C-3A16B3C432E0}.Debug|Any CPU.Build.0 = Debug|Any CPU
		{5560B43B-0DC4-46A4-848C-3A16B3C432E0}.Release|Any CPU.ActiveCfg = Release|Any CPU
		{5560B43B-0DC4-46A4-848C-3A16B3C432E0}.Release|Any CPU.Build.0 = Release|Any CPU
		{28CAE8B3-0141-4648-85F0-3207947E0411}.Debug|Any CPU.ActiveCfg = Debug|Any CPU
		{28CAE8B3-0141-4648-85F0-3207947E0411}.Debug|Any CPU.Build.0 = Debug|Any CPU
		{28CAE8B3-0141-4648-85F0-3207947E0411}.Release|Any CPU.ActiveCfg = Release|Any CPU
		{28CAE8B3-0141-4648-85F0-3207947E0411}.Release|Any CPU.Build.0 = Release|Any CPU
		{C1105915-2AD5-40D5-B700-3E6BAF6963FF}.Debug|Any CPU.ActiveCfg = Debug|Any CPU
		{C1105915-2AD5-40D5-B700-3E6BAF6963FF}.Debug|Any CPU.Build.0 = Debug|Any CPU
		{C1105915-2AD5-40D5-B700-3E6BAF6963FF}.Release|Any CPU.ActiveCfg = Release|Any CPU
		{C1105915-2AD5-40D5-B700-3E6BAF6963FF}.Release|Any CPU.Build.0 = Release|Any CPU
		{23EF1B37-DBC6-4BF4-911F-6CD59340E766}.Debug|Any CPU.ActiveCfg = Debug|Any CPU
		{23EF1B37-DBC6-4BF4-911F-6CD59340E766}.Debug|Any CPU.Build.0 = Debug|Any CPU
		{23EF1B37-DBC6-4BF4-911F-6CD59340E766}.Release|Any CPU.ActiveCfg = Release|Any CPU
		{23EF1B37-DBC6-4BF4-911F-6CD59340E766}.Release|Any CPU.Build.0 = Release|Any CPU
		{6FCF57E9-3997-4D2B-8EA8-5697775AD2C0}.Debug|Any CPU.ActiveCfg = Debug|Any CPU
		{6FCF57E9-3997-4D2B-8EA8-5697775AD2C0}.Debug|Any CPU.Build.0 = Debug|Any CPU
		{6FCF57E9-3997-4D2B-8EA8-5697775AD2C0}.Release|Any CPU.ActiveCfg = Release|Any CPU
		{6FCF57E9-3997-4D2B-8EA8-5697775AD2C0}.Release|Any CPU.Build.0 = Release|Any CPU
		{6BA99CF2-4029-471A-BEB1-C48D1886F172}.Debug|Any CPU.ActiveCfg = Debug|Any CPU
		{6BA99CF2-4029-471A-BEB1-C48D1886F172}.Debug|Any CPU.Build.0 = Debug|Any CPU
		{6BA99CF2-4029-471A-BEB1-C48D1886F172}.Release|Any CPU.ActiveCfg = Release|Any CPU
		{6BA99CF2-4029-471A-BEB1-C48D1886F172}.Release|Any CPU.Build.0 = Release|Any CPU
		{A7584E60-1A69-4303-9D65-F7012B1E9B30}.Debug|Any CPU.ActiveCfg = Debug|Any CPU
		{A7584E60-1A69-4303-9D65-F7012B1E9B30}.Debug|Any CPU.Build.0 = Debug|Any CPU
		{A7584E60-1A69-4303-9D65-F7012B1E9B30}.Release|Any CPU.ActiveCfg = Release|Any CPU
		{A7584E60-1A69-4303-9D65-F7012B1E9B30}.Release|Any CPU.Build.0 = Release|Any CPU
		{F3376E5A-6415-481A-91B4-0A30DF9B5EAC}.Debug|Any CPU.ActiveCfg = Debug|Any CPU
		{F3376E5A-6415-481A-91B4-0A30DF9B5EAC}.Debug|Any CPU.Build.0 = Debug|Any CPU
		{F3376E5A-6415-481A-91B4-0A30DF9B5EAC}.Release|Any CPU.ActiveCfg = Release|Any CPU
		{F3376E5A-6415-481A-91B4-0A30DF9B5EAC}.Release|Any CPU.Build.0 = Release|Any CPU
		{24DF1775-FEBF-4115-9622-BC53C5FB168C}.Debug|Any CPU.ActiveCfg = Debug|Any CPU
		{24DF1775-FEBF-4115-9622-BC53C5FB168C}.Debug|Any CPU.Build.0 = Debug|Any CPU
		{24DF1775-FEBF-4115-9622-BC53C5FB168C}.Release|Any CPU.ActiveCfg = Release|Any CPU
		{24DF1775-FEBF-4115-9622-BC53C5FB168C}.Release|Any CPU.Build.0 = Release|Any CPU
		{53B64BE1-A8C9-4FAB-9473-607381C79579}.Debug|Any CPU.ActiveCfg = Debug|Any CPU
		{53B64BE1-A8C9-4FAB-9473-607381C79579}.Debug|Any CPU.Build.0 = Debug|Any CPU
		{53B64BE1-A8C9-4FAB-9473-607381C79579}.Release|Any CPU.ActiveCfg = Release|Any CPU
		{53B64BE1-A8C9-4FAB-9473-607381C79579}.Release|Any CPU.Build.0 = Release|Any CPU
		{FAEB0FA2-7101-4EC4-BA38-532AB156D014}.Debug|Any CPU.ActiveCfg = Debug|Any CPU
		{FAEB0FA2-7101-4EC4-BA38-532AB156D014}.Debug|Any CPU.Build.0 = Debug|Any CPU
		{FAEB0FA2-7101-4EC4-BA38-532AB156D014}.Release|Any CPU.ActiveCfg = Release|Any CPU
		{FAEB0FA2-7101-4EC4-BA38-532AB156D014}.Release|Any CPU.Build.0 = Release|Any CPU
		{9940DAFD-2264-497F-9D89-D7A3FE811504}.Debug|Any CPU.ActiveCfg = Debug|Any CPU
		{9940DAFD-2264-497F-9D89-D7A3FE811504}.Debug|Any CPU.Build.0 = Debug|Any CPU
		{9940DAFD-2264-497F-9D89-D7A3FE811504}.Release|Any CPU.ActiveCfg = Release|Any CPU
		{9940DAFD-2264-497F-9D89-D7A3FE811504}.Release|Any CPU.Build.0 = Release|Any CPU
		{9D123DFC-FF55-439B-9E05-A0E723CBAF23}.Debug|Any CPU.ActiveCfg = Debug|Any CPU
		{9D123DFC-FF55-439B-9E05-A0E723CBAF23}.Debug|Any CPU.Build.0 = Debug|Any CPU
		{9D123DFC-FF55-439B-9E05-A0E723CBAF23}.Release|Any CPU.ActiveCfg = Release|Any CPU
		{9D123DFC-FF55-439B-9E05-A0E723CBAF23}.Release|Any CPU.Build.0 = Release|Any CPU
		{F107BE4C-44AC-479C-9FDD-7618E08719B4}.Debug|Any CPU.ActiveCfg = Debug|Any CPU
		{F107BE4C-44AC-479C-9FDD-7618E08719B4}.Debug|Any CPU.Build.0 = Debug|Any CPU
		{F107BE4C-44AC-479C-9FDD-7618E08719B4}.Release|Any CPU.ActiveCfg = Release|Any CPU
		{F107BE4C-44AC-479C-9FDD-7618E08719B4}.Release|Any CPU.Build.0 = Release|Any CPU
		{65DA3649-714D-4027-A657-54E0F1D164C7}.Debug|Any CPU.ActiveCfg = Debug|Any CPU
		{65DA3649-714D-4027-A657-54E0F1D164C7}.Debug|Any CPU.Build.0 = Debug|Any CPU
		{65DA3649-714D-4027-A657-54E0F1D164C7}.Release|Any CPU.ActiveCfg = Release|Any CPU
		{65DA3649-714D-4027-A657-54E0F1D164C7}.Release|Any CPU.Build.0 = Release|Any CPU
	EndGlobalSection
	GlobalSection(SolutionProperties) = preSolution
		HideSolutionNode = FALSE
	EndGlobalSection
	GlobalSection(ExtensibilityGlobals) = postSolution
		SolutionGuid = {B6789C23-1458-4C72-A73F-6E304C83F9DB}
	EndGlobalSection
EndGlobal
